
Microsoft Visual Studio Solution File, Format Version 12.00
# Visual Studio 14
VisualStudioVersion = 14.0.25123.0
MinimumVisualStudioVersion = 10.0.40219.1
Project("{8BC9CEB8-8B4A-11D0-8D11-00A0C91BC942}") = "rasterizer", "rasterizer\rasterizer.vcxproj", "{D4F1E22E-CFBC-4920-9E8E-A9110C526C9E}"
EndProject
Project("{8BC9CEB8-8B4A-11D0-8D11-00A0C91BC942}") = "renderer", "renderer\renderer.vcxproj", "{2BB11C47-8690-486D-8098-E0DBA2BCBE20}"
EndProject
Project("{8BC9CEB8-8B4A-11D0-8D11-00A0C91BC942}") = "viewer", "viewer\viewer.vcxproj", "{EC953FAF-3FCD-4373-AC2B-00BCDCD72B71}"
EndProject
Project("{8BC9CEB8-8B4A-11D0-8D11-00A0C91BC942}") = "imgui", "imgui\imgui.vcxproj", "{E840C562-271F-480F-8632-776AA73756DE}"
EndProject
Project("{8BC9CEB8-8B4A-11D0-8D11-00A0C91BC942}") = "glloader", "glloader\glloader.vcxproj", "{C9A96524-9E8C-41CB-B3A6-0DD2A92A58D4}"
EndProject
Project("{2150E333-8FDC-42A3-9474-1A3956D46DE8}") = "include", "include", "{0D7C7F20-7643-40C9-9AD1-D4E0AD4DB66A}"
	ProjectSection(SolutionItems) = preProject
		include\flythrough_camera.h = include\flythrough_camera.h
		include\freelist.h = include\freelist.h
		include\s1516.h = include\s1516.h
		include\stb_image_write.h = include\stb_image_write.h
		include\tiny_obj_loader.h = include\tiny_obj_loader.h
	EndProjectSection
EndProject
Global
	GlobalSection(SolutionConfigurationPlatforms) = preSolution
		Debug|x64 = Debug|x64
		Release|x64 = Release|x64
	EndGlobalSection
	GlobalSection(ProjectConfigurationPlatforms) = postSolution
		{D4F1E22E-CFBC-4920-9E8E-A9110C526C9E}.Debug|x64.ActiveCfg = Debug|x64
		{D4F1E22E-CFBC-4920-9E8E-A9110C526C9E}.Debug|x64.Build.0 = Debug|x64
		{D4F1E22E-CFBC-4920-9E8E-A9110C526C9E}.Release|x64.ActiveCfg = Release|x64
		{D4F1E22E-CFBC-4920-9E8E-A9110C526C9E}.Release|x64.Build.0 = Release|x64
		{2BB11C47-8690-486D-8098-E0DBA2BCBE20}.Debug|x64.ActiveCfg = Debug|x64
		{2BB11C47-8690-486D-8098-E0DBA2BCBE20}.Debug|x64.Build.0 = Debug|x64
		{2BB11C47-8690-486D-8098-E0DBA2BCBE20}.Release|x64.ActiveCfg = Release|x64
		{2BB11C47-8690-486D-8098-E0DBA2BCBE20}.Release|x64.Build.0 = Release|x64
		{EC953FAF-3FCD-4373-AC2B-00BCDCD72B71}.Debug|x64.ActiveCfg = Debug|x64
		{EC953FAF-3FCD-4373-AC2B-00BCDCD72B71}.Debug|x64.Build.0 = Debug|x64
		{EC953FAF-3FCD-4373-AC2B-00BCDCD72B71}.Release|x64.ActiveCfg = Release|x64
		{EC953FAF-3FCD-4373-AC2B-00BCDCD72B71}.Release|x64.Build.0 = Release|x64
		{E840C562-271F-480F-8632-776AA73756DE}.Debug|x64.ActiveCfg = Debug|x64
		{E840C562-271F-480F-8632-776AA73756DE}.Debug|x64.Build.0 = Debug|x64
		{E840C562-271F-480F-8632-776AA73756DE}.Release|x64.ActiveCfg = Release|x64
		{E840C562-271F-480F-8632-776AA73756DE}.Release|x64.Build.0 = Release|x64
		{C9A96524-9E8C-41CB-B3A6-0DD2A92A58D4}.Debug|x64.ActiveCfg = Debug|x64
		{C9A96524-9E8C-41CB-B3A6-0DD2A92A58D4}.Debug|x64.Build.0 = Debug|x64
		{C9A96524-9E8C-41CB-B3A6-0DD2A92A58D4}.Release|x64.ActiveCfg = Release|x64
		{C9A96524-9E8C-41CB-B3A6-0DD2A92A58D4}.Release|x64.Build.0 = Release|x64
	EndGlobalSection
	GlobalSection(SolutionProperties) = preSolution
		HideSolutionNode = FALSE
	EndGlobalSection
EndGlobal
